
Microsoft Visual Studio Solution File, Format Version 12.00
# Visual Studio Version 17
VisualStudioVersion = 17.7.34202.233
MinimumVisualStudioVersion = 10.0.40219.1
Project("{8BC9CEB8-8B4A-11D0-8D11-00A0C91BC942}") = "Physis", "Physis\Physis.vcxproj", "{2B65D755-5D0A-4EEA-BF07-4D167E73D13F}"
EndProject
Project("{8BC9CEB8-8B4A-11D0-8D11-00A0C91BC942}") = "PhysisConsoleApp", "PhysisConsoleApp\PhysisConsoleApp.vcxproj", "{2A2AA0F2-CAE3-45A4-8519-66261DC8D474}"
EndProject
Project("{8BC9CEB8-8B4A-11D0-8D11-00A0C91BC942}") = "Physis.Test", "Physis.Test\Physis.Test.vcxproj", "{FFC44E06-48BC-4A56-9A83-57F5091D9BDE}"
EndProject
Global
	GlobalSection(SolutionConfigurationPlatforms) = preSolution
		Debug|Any CPU = Debug|Any CPU
		Debug|x64 = Debug|x64
		Debug|x86 = Debug|x86
		Release|Any CPU = Release|Any CPU
		Release|x64 = Release|x64
		Release|x86 = Release|x86
	EndGlobalSection
	GlobalSection(ProjectConfigurationPlatforms) = postSolution
		{2B65D755-5D0A-4EEA-BF07-4D167E73D13F}.Debug|Any CPU.ActiveCfg = Debug|x64
		{2B65D755-5D0A-4EEA-BF07-4D167E73D13F}.Debug|Any CPU.Build.0 = Debug|x64
		{2B65D755-5D0A-4EEA-BF07-4D167E73D13F}.Debug|x64.ActiveCfg = Debug|x64
		{2B65D755-5D0A-4EEA-BF07-4D167E73D13F}.Debug|x64.Build.0 = Debug|x64
		{2B65D755-5D0A-4EEA-BF07-4D167E73D13F}.Debug|x86.ActiveCfg = Debug|Win32
		{2B65D755-5D0A-4EEA-BF07-4D167E73D13F}.Debug|x86.Build.0 = Debug|Win32
		{2B65D755-5D0A-4EEA-BF07-4D167E73D13F}.Release|Any CPU.ActiveCfg = Release|x64
		{2B65D755-5D0A-4EEA-BF07-4D167E73D13F}.Release|Any CPU.Build.0 = Release|x64
		{2B65D755-5D0A-4EEA-BF07-4D167E73D13F}.Release|x64.ActiveCfg = Release|x64
		{2B65D755-5D0A-4EEA-BF07-4D167E73D13F}.Release|x64.Build.0 = Release|x64
		{2B65D755-5D0A-4EEA-BF07-4D167E73D13F}.Release|x86.ActiveCfg = Release|Win32
		{2B65D755-5D0A-4EEA-BF07-4D167E73D13F}.Release|x86.Build.0 = Release|Win32
		{2A2AA0F2-CAE3-45A4-8519-66261DC8D474}.Debug|Any CPU.ActiveCfg = Debug|x64
		{2A2AA0F2-CAE3-45A4-8519-66261DC8D474}.Debug|Any CPU.Build.0 = Debug|x64
		{2A2AA0F2-CAE3-45A4-8519-66261DC8D474}.Debug|x64.ActiveCfg = Debug|x64
		{2A2AA0F2-CAE3-45A4-8519-66261DC8D474}.Debug|x64.Build.0 = Debug|x64
		{2A2AA0F2-CAE3-45A4-8519-66261DC8D474}.Debug|x86.ActiveCfg = Debug|Win32
		{2A2AA0F2-CAE3-45A4-8519-66261DC8D474}.Debug|x86.Build.0 = Debug|Win32
		{2A2AA0F2-CAE3-45A4-8519-66261DC8D474}.Release|Any CPU.ActiveCfg = Release|x64
		{2A2AA0F2-CAE3-45A4-8519-66261DC8D474}.Release|Any CPU.Build.0 = Release|x64
		{2A2AA0F2-CAE3-45A4-8519-66261DC8D474}.Release|x64.ActiveCfg = Release|x64
		{2A2AA0F2-CAE3-45A4-8519-66261DC8D474}.Release|x64.Build.0 = Release|x64
		{2A2AA0F2-CAE3-45A4-8519-66261DC8D474}.Release|x86.ActiveCfg = Release|Win32
		{2A2AA0F2-CAE3-45A4-8519-66261DC8D474}.Release|x86.Build.0 = Release|Win32
		{FFC44E06-48BC-4A56-9A83-57F5091D9BDE}.Debug|Any CPU.ActiveCfg = Debug|x64
		{FFC44E06-48BC-4A56-9A83-57F5091D9BDE}.Debug|Any CPU.Build.0 = Debug|x64
		{FFC44E06-48BC-4A56-9A83-57F5091D9BDE}.Debug|x64.ActiveCfg = Debug|x64
		{FFC44E06-48BC-4A56-9A83-57F5091D9BDE}.Debug|x64.Build.0 = Debug|x64
		{FFC44E06-48BC-4A56-9A83-57F5091D9BDE}.Debug|x86.ActiveCfg = Debug|Win32
		{FFC44E06-48BC-4A56-9A83-57F5091D9BDE}.Debug|x86.Build.0 = Debug|Win32
		{FFC44E06-48BC-4A56-9A83-57F5091D9BDE}.Release|Any CPU.ActiveCfg = Release|x64
		{FFC44E06-48BC-4A56-9A83-57F5091D9BDE}.Release|Any CPU.Build.0 = Release|x64
		{FFC44E06-48BC-4A56-9A83-57F5091D9BDE}.Release|x64.ActiveCfg = Release|x64
		{FFC44E06-48BC-4A56-9A83-57F5091D9BDE}.Release|x64.Build.0 = Release|x64
		{FFC44E06-48BC-4A56-9A83-57F5091D9BDE}.Release|x86.ActiveCfg = Release|Win32
		{FFC44E06-48BC-4A56-9A83-57F5091D9BDE}.Release|x86.Build.0 = Release|Win32
	EndGlobalSection
	GlobalSection(SolutionProperties) = preSolution
		HideSolutionNode = FALSE
	EndGlobalSection
	GlobalSection(ExtensibilityGlobals) = postSolution
		SolutionGuid = {9932DA28-5868-45C7-8C28-31AC74B085FF}
	EndGlobalSection
EndGlobal
